{
  "object": {
    "pins": [
      {
        "package": "swift-argument-parser",
        "repositoryURL": "https://github.com/apple/swift-argument-parser",
        "state": {
          "branch": null,
          "revision": "223d62adc52d51669ae2ee19bdb8b7d9fd6fcd9c",
          "version": "0.0.6"
        }
      },
      {
        "package": "SwiftFFmpeg",
        "repositoryURL": "https://github.com/sunlubo/SwiftFFmpeg.git",
        "state": {
          "branch": null,
          "revision": "28148a61189c2e3d3f55f5e7f7eb952f55f8890f",
          "version": "1.5.0"
        }
      }
    ]
  },
  "version": 1
}
